
Microsoft Visual Studio Solution File, Format Version 12.00
# Visual Studio Version 16
VisualStudioVersion = 16.0.33328.57
MinimumVisualStudioVersion = 10.0.40219.1
Project("{FAE04EC0-301F-11D3-BF4B-00C04F79EFBC}") = "RoomAreaProperty", "RoomAreaProperty.csproj", "{A5524B56-B5D3-48E0-AF82-60C8EDD36BC8}"
EndProject
Global
	GlobalSection(SolutionConfigurationPlatforms) = preSolution
		Debug|Any CPU = Debug|Any CPU
		Release|Any CPU = Release|Any CPU
	EndGlobalSection
	GlobalSection(ProjectConfigurationPlatforms) = postSolution
		{A5524B56-B5D3-48E0-AF82-60C8EDD36BC8}.Debug|Any CPU.ActiveCfg = Debug|Any CPU
		{A5524B56-B5D3-48E0-AF82-60C8EDD36BC8}.Debug|Any CPU.Build.0 = Debug|Any CPU
		{A5524B56-B5D3-48E0-AF82-60C8EDD36BC8}.Release|Any CPU.ActiveCfg = Release|Any CPU
		{A5524B56-B5D3-48E0-AF82-60C8EDD36BC8}.Release|Any CPU.Build.0 = Release|Any CPU
	EndGlobalSection
	GlobalSection(SolutionProperties) = preSolution
		HideSolutionNode = FALSE
	EndGlobalSection
	GlobalSection(ExtensibilityGlobals) = postSolution
		SolutionGuid = {70E99C5A-3FA8-4948-AF95-4EAF2533B778}
	EndGlobalSection
EndGlobal
